<?xml version="1.0" encoding="utf-8"?>
<Project ToolsVersion="4.0" xmlns="http://schemas.microsoft.com/developer/msbuild/2003">
  <ItemGroup>
    <Filter Include="Source">
      <UniqueIdentifier>{9e51a81d-ff85-4867-ad4f-50ac9d23d39e}</UniqueIdentifier>
    </Filter>
    <Filter Include="Source\Public">
      <UniqueIdentifier>{93995380-89BD-4b04-88EB-625FBE52EBFB}</UniqueIdentifier>
      <Extensions>h;hh;hpp;hxx;h++;hm;inl;inc;ipp;xsd</Extensions>
    </Filter>
    <Filter Include="Source\Private">
      <UniqueIdentifier>{4FC737F1-C7A5-4376-A066-2A32D752A2FF}</UniqueIdentifier>
      <Extensions>cpp;c;cc;cxx;c++;cppm;ixx;def;odl;idl;hpj;bat;asm;asmx</Extensions>
    </Filter>
    <Filter Include="Resources">
      <UniqueIdentifier>{67DA6AB6-F800-4c08-8B7A-83BB121AAD01}</UniqueIdentifier>
      <Extensions>rc;ico;cur;bmp;dlg;rc2;rct;bin;rgs;gif;jpg;jpeg;jpe;resx;tiff;tif;png;wav;mfcribbon-ms</Extensions>
    </Filter>
    <Filter Include="Libs">
      <UniqueIdentifier>{350b7b51-a6b2-46c7-a2fb-f4c2d5a4066d}</UniqueIdentifier>
    </Filter>
    <Filter Include="Libs\imgui">
      <UniqueIdentifier>{ab250aed-519e-4c72-b558-842bda3bb050}</UniqueIdentifier>
    </Filter>
    <Filter Include="Source\Private\Utils">
      <UniqueIdentifier>{947d491b-6265-402f-ae43-40fc745dfb8e}</UniqueIdentifier>
    </Filter>
    <Filter Include="Source\Public\Utils">
      <UniqueIdentifier>{90abb588-4e72-4775-b802-5979c5f414a9}</UniqueIdentifier>
    </Filter>
    <Filter Include="Source\Private\SubsystemManager">
      <UniqueIdentifier>{6391b841-3474-4da0-87de-bb0ab94ff31a}</UniqueIdentifier>
    </Filter>
    <Filter Include="Source\Public\SubsystemManager">
      <UniqueIdentifier>{fcbedd7d-09f6-444a-b241-fc35ccf7ec61}</UniqueIdentifier>
    </Filter>
    <Filter Include="Libs\ImGuizmo">
      <UniqueIdentifier>{add183bc-7b51-4179-9fde-1cad2e4c9d99}</UniqueIdentifier>
    </Filter>
    <Filter Include="Source\Public\GameObjectComponent">
      <UniqueIdentifier>{41ebc186-8e58-4e0d-bc8d-2cb797df67a4}</UniqueIdentifier>
    </Filter>
    <Filter Include="Source\Private\GameObjectComponent">
      <UniqueIdentifier>{7015241e-7977-443e-a1bb-17b420d3468d}</UniqueIdentifier>
    </Filter>
    <Filter Include="Source\Public\Core">
      <UniqueIdentifier>{bd230c13-db65-465e-af70-44d0fd0cb7ed}</UniqueIdentifier>
    </Filter>
    <Filter Include="Source\Private\Core">
      <UniqueIdentifier>{ec6947ef-608d-45f7-913f-46fcd6281633}</UniqueIdentifier>
    </Filter>
    <Filter Include="Source\Private\GameResources">
      <UniqueIdentifier>{eb0f11ce-efe0-4097-8f27-2965e711cf95}</UniqueIdentifier>
    </Filter>
    <Filter Include="Source\Public\GameResources">
      <UniqueIdentifier>{70550e9d-7b32-46db-9d65-664fb1c61cdd}</UniqueIdentifier>
    </Filter>
    <Filter Include="Libs\EnTT">
      <UniqueIdentifier>{cbda7f09-06c6-4ed6-a5a6-f988510058c0}</UniqueIdentifier>
    </Filter>
    <Filter Include="Source\Private\Graphics">
      <UniqueIdentifier>{44b446b3-8ca5-4c96-b41e-6b26c4ad9d83}</UniqueIdentifier>
    </Filter>
    <Filter Include="Source\Public\Graphics">
      <UniqueIdentifier>{a46ebfc7-4bf3-4a46-8ae5-0ec1d328dc71}</UniqueIdentifier>
    </Filter>
    <Filter Include="Resources\Shaders">
      <UniqueIdentifier>{ce1cbb2f-5690-4d98-815f-b571ec58699e}</UniqueIdentifier>
    </Filter>
  </ItemGroup>
  <ItemGroup>
    <ClInclude Include="framework.h">
      <Filter>Source\Public</Filter>
    </ClInclude>
    <ClInclude Include="pch.h">
      <Filter>Source\Public</Filter>
    </ClInclude>
    <ClInclude Include="Libs\imgui\imconfig.h">
      <Filter>Libs\imgui</Filter>
    </ClInclude>
    <ClInclude Include="Libs\imgui\imgui.h">
      <Filter>Libs\imgui</Filter>
    </ClInclude>
    <ClInclude Include="Libs\imgui\imgui_internal.h">
      <Filter>Libs\imgui</Filter>
    </ClInclude>
    <ClInclude Include="Libs\imgui\imstb_rectpack.h">
      <Filter>Libs\imgui</Filter>
    </ClInclude>
    <ClInclude Include="Libs\imgui\imstb_textedit.h">
      <Filter>Libs\imgui</Filter>
    </ClInclude>
    <ClInclude Include="Libs\imgui\imstb_truetype.h">
      <Filter>Libs\imgui</Filter>
    </ClInclude>
    <ClInclude Include="CameraManager.h">
      <Filter>Source\Public\SubsystemManager</Filter>
    </ClInclude>
    <ClInclude Include="RootManager.h">
      <Filter>Source\Public\SubsystemManager</Filter>
    </ClInclude>
    <ClInclude Include="InputManager.h">
      <Filter>Source\Public\SubsystemManager</Filter>
    </ClInclude>
    <ClInclude Include="Libs\imgui\ImZoomSlider.h">
      <Filter>Libs\ImGuizmo</Filter>
    </ClInclude>
    <ClInclude Include="Libs\imgui\ImSequencer.h">
      <Filter>Libs\ImGuizmo</Filter>
    </ClInclude>
    <ClInclude Include="Libs\imgui\ImGuizmo.h">
      <Filter>Libs\ImGuizmo</Filter>
    </ClInclude>
    <ClInclude Include="Libs\imgui\ImGradient.h">
      <Filter>Libs\ImGuizmo</Filter>
    </ClInclude>
    <ClInclude Include="Libs\imgui\ImCurveEdit.h">
      <Filter>Libs\ImGuizmo</Filter>
    </ClInclude>
    <ClInclude Include="Libs\imgui\GraphEditor.h">
      <Filter>Libs\ImGuizmo</Filter>
    </ClInclude>
    <ClInclude Include="ResourceManager.h">
      <Filter>Source\Public\SubsystemManager</Filter>
    </ClInclude>
    <ClInclude Include="GameObjectComponent.h">
      <Filter>Source\Public\GameObjectComponent</Filter>
    </ClInclude>
    <ClInclude Include="MeshRenderer.h">
      <Filter>Source\Public\GameObjectComponent</Filter>
    </ClInclude>
    <ClInclude Include="IManager.h">
      <Filter>Source\Public\SubsystemManager</Filter>
    </ClInclude>
    <ClInclude Include="Libs\imgui\imgui_stdlib.h">
      <Filter>Libs\imgui</Filter>
    </ClInclude>
    <ClInclude Include="SceneManager.h">
      <Filter>Source\Public\SubsystemManager</Filter>
    </ClInclude>
    <ClInclude Include="Camera.h">
      <Filter>Source\Public\Core</Filter>
    </ClInclude>
    <ClInclude Include="GameObject.h">
      <Filter>Source\Public\Core</Filter>
    </ClInclude>
    <ClInclude Include="Transform.h">
      <Filter>Source\Public\Core</Filter>
    </ClInclude>
    <ClInclude Include="GameResource.h">
      <Filter>Source\Public\GameResources</Filter>
    </ClInclude>
    <ClInclude Include="ResourceGroup.h">
      <Filter>Source\Public\GameResources</Filter>
    </ClInclude>
    <ClInclude Include="TextureResource.h">
      <Filter>Source\Public\GameResources</Filter>
    </ClInclude>
    <ClInclude Include="ModelResource.h">
      <Filter>Source\Public\GameResources</Filter>
    </ClInclude>
    <ClInclude Include="EffectResource.h">
      <Filter>Source\Public\GameResources</Filter>
    </ClInclude>
    <ClInclude Include="resource.h">
      <Filter>Source\Public</Filter>
    </ClInclude>
    <ClInclude Include="GeometricPrimitiveResource.h">
      <Filter>Source\Public\GameResources</Filter>
    </ClInclude>
    <ClInclude Include="SelectionManager.h">
      <Filter>Source\Public\SubsystemManager</Filter>
    </ClInclude>
    <ClInclude Include="IInspectorDrawer.h">
      <Filter>Source\Public\Core</Filter>
    </ClInclude>
    <ClInclude Include="LightComponent.h">
      <Filter>Source\Public\GameObjectComponent</Filter>
    </ClInclude>
    <ClInclude Include="LightManager.h">
      <Filter>Source\Public\SubsystemManager</Filter>
    </ClInclude>
    <ClInclude Include="Scene.h">
      <Filter>Source\Public\Core</Filter>
    </ClInclude>
    <ClInclude Include="Libs\EnTT\entt.hpp">
      <Filter>Libs\EnTT</Filter>
    </ClInclude>
    <ClInclude Include="XPreprocessors.h">
      <Filter>Source\Public\Utils</Filter>
    </ClInclude>
    <ClInclude Include="ParticleSystem.h">
      <Filter>Source\Public\Graphics</Filter>
    </ClInclude>
  </ItemGroup>
  <ItemGroup>
    <ClCompile Include="Xerxes.Engine.cpp">
      <Filter>Source\Private</Filter>
    </ClCompile>
    <ClCompile Include="pch.cpp">
      <Filter>Source\Private</Filter>
    </ClCompile>
    <ClCompile Include="Libs\imgui\imgui.cpp">
      <Filter>Libs\imgui</Filter>
    </ClCompile>
    <ClCompile Include="Libs\imgui\imgui_demo.cpp">
      <Filter>Libs\imgui</Filter>
    </ClCompile>
    <ClCompile Include="Libs\imgui\imgui_draw.cpp">
      <Filter>Libs\imgui</Filter>
    </ClCompile>
    <ClCompile Include="Libs\imgui\imgui_tables.cpp">
      <Filter>Libs\imgui</Filter>
    </ClCompile>
    <ClCompile Include="Libs\imgui\imgui_widgets.cpp">
      <Filter>Libs\imgui</Filter>
    </ClCompile>
    <ClCompile Include="CameraManager.cpp">
      <Filter>Source\Private\SubsystemManager</Filter>
    </ClCompile>
    <ClCompile Include="RootManager.cpp">
      <Filter>Source\Private\SubsystemManager</Filter>
    </ClCompile>
    <ClCompile Include="InputManager.cpp">
      <Filter>Source\Private\SubsystemManager</Filter>
    </ClCompile>
    <ClCompile Include="Libs\imgui\ImSequencer.cpp">
      <Filter>Libs\ImGuizmo</Filter>
    </ClCompile>
    <ClCompile Include="Libs\imgui\ImGuizmo.cpp">
      <Filter>Libs\ImGuizmo</Filter>
    </ClCompile>
    <ClCompile Include="Libs\imgui\ImGradient.cpp">
      <Filter>Libs\ImGuizmo</Filter>
    </ClCompile>
    <ClCompile Include="Libs\imgui\ImCurveEdit.cpp">
      <Filter>Libs\ImGuizmo</Filter>
    </ClCompile>
    <ClCompile Include="Libs\imgui\GraphEditor.cpp">
      <Filter>Libs\ImGuizmo</Filter>
    </ClCompile>
    <ClCompile Include="ResourceManager.cpp">
      <Filter>Source\Private\SubsystemManager</Filter>
    </ClCompile>
    <ClCompile Include="GameObjectComponent.cpp">
      <Filter>Source\Private\GameObjectComponent</Filter>
    </ClCompile>
    <ClCompile Include="MeshRenderer.cpp">
      <Filter>Source\Private\GameObjectComponent</Filter>
    </ClCompile>
    <ClCompile Include="Libs\imgui\imgui_stdlib.cpp">
      <Filter>Libs\imgui</Filter>
    </ClCompile>
    <ClCompile Include="SceneManager.cpp">
      <Filter>Source\Private\SubsystemManager</Filter>
    </ClCompile>
    <ClCompile Include="Camera.cpp">
      <Filter>Source\Private\Core</Filter>
    </ClCompile>
    <ClCompile Include="GameObject.cpp">
      <Filter>Source\Private\Core</Filter>
    </ClCompile>
    <ClCompile Include="Transform.cpp">
      <Filter>Source\Private\Core</Filter>
    </ClCompile>
    <ClCompile Include="TextureResource.cpp">
      <Filter>Source\Private\GameResources</Filter>
    </ClCompile>
    <ClCompile Include="ModelResource.cpp">
      <Filter>Source\Private\GameResources</Filter>
    </ClCompile>
    <ClCompile Include="EffectResource.cpp">
      <Filter>Source\Private\GameResources</Filter>
    </ClCompile>
    <ClCompile Include="GeometricPrimitiveResource.cpp">
      <Filter>Source\Private\GameResources</Filter>
    </ClCompile>
    <ClCompile Include="SelectionManager.cpp">
      <Filter>Source\Private\SubsystemManager</Filter>
    </ClCompile>
    <ClCompile Include="LightComponent.cpp">
      <Filter>Source\Private\GameObjectComponent</Filter>
    </ClCompile>
    <ClCompile Include="LightManager.cpp">
      <Filter>Source\Private\SubsystemManager</Filter>
    </ClCompile>
    <ClCompile Include="Scene.cpp">
      <Filter>Source\Private\Core</Filter>
    </ClCompile>
    <ClCompile Include="ParticleSystem.cpp">
      <Filter>Source\Private\Graphics</Filter>
    </ClCompile>
  </ItemGroup>
  <ItemGroup>
    <None Include="packages.config" />
    <None Include="Shaders\Particle.vs">
      <Filter>Resources\Shaders</Filter>
    </None>
  </ItemGroup>
  <ItemGroup>
    <ResourceCompile Include="Xerxes.Engine.rc">
      <Filter>Resources</Filter>
    </ResourceCompile>
  </ItemGroup>
</Project>