<?xml version="1.0" encoding="utf-8"?>
<Project ToolsVersion="4.0" xmlns="http://schemas.microsoft.com/developer/msbuild/2003">
  <ItemGroup>
    <Filter Include="Assets">
      <UniqueIdentifier>7f2d1116-580b-4428-82c3-c827c1d9a1e7</UniqueIdentifier>
      <Extensions>ico;cur;bmp;dds;dlg;fbx;rct;bin;rgs;gif;jpg;jpeg;jpe;resx;tga;tiff;tif;png;wav;mfcribbon-ms</Extensions>
    </Filter>
    <Filter Include="Source">
      <UniqueIdentifier>{dfc0fe15-d3d1-4c27-aa12-c4b4f2f52d20}</UniqueIdentifier>
    </Filter>
    <Filter Include="Source\Public">
      <UniqueIdentifier>{06f1f970-7f75-45eb-bd40-3791a76aaad7}</UniqueIdentifier>
    </Filter>
    <Filter Include="Source\Private">
      <UniqueIdentifier>{cbdb009c-6207-4d7e-9d75-ef8197ede22c}</UniqueIdentifier>
    </Filter>
    <Filter Include="Libs">
      <UniqueIdentifier>{9ba86b27-f93f-4e53-ab16-147e5fa6bfcf}</UniqueIdentifier>
    </Filter>
    <Filter Include="Source\Private\EditorWindow">
      <UniqueIdentifier>{3b964ab8-41de-4de0-903b-951254cbbf27}</UniqueIdentifier>
    </Filter>
    <Filter Include="Source\Public\EditorWindow">
      <UniqueIdentifier>{891bd398-006b-4517-ad99-a97b95578716}</UniqueIdentifier>
    </Filter>
    <Filter Include="Libs\imgui">
      <UniqueIdentifier>{6675d9d5-6d8e-4b82-ab94-9b82347630a9}</UniqueIdentifier>
    </Filter>
    <Filter Include="Source\Private\Device">
      <UniqueIdentifier>{b1c5c8cc-7b27-4b13-b557-6ff28a61914e}</UniqueIdentifier>
    </Filter>
    <Filter Include="Source\Public\Device">
      <UniqueIdentifier>{cee99838-291b-4e23-a843-0da5a50db687}</UniqueIdentifier>
    </Filter>
    <Filter Include="Libs\ImGuiFileDialog">
      <UniqueIdentifier>{97ebed97-fb12-4abd-b1d8-9496105c1d1f}</UniqueIdentifier>
    </Filter>
  </ItemGroup>
  <ItemGroup>
    <ClInclude Include="Source\Editor.h">
      <Filter>Source\Public</Filter>
    </ClInclude>
    <ClInclude Include="Source\pch.h">
      <Filter>Source\Public</Filter>
    </ClInclude>
    <ClInclude Include="Source\StepTimer.h">
      <Filter>Source\Public</Filter>
    </ClInclude>
    <ClInclude Include="EditorWindow.h">
      <Filter>Source\Public\EditorWindow</Filter>
    </ClInclude>
    <ClInclude Include="SceneWindow.h">
      <Filter>Source\Public\EditorWindow</Filter>
    </ClInclude>
    <ClInclude Include="InspectorWindow.h">
      <Filter>Source\Public\EditorWindow</Filter>
    </ClInclude>
    <ClInclude Include="Libs\imgui\imgui_impl_dx11.h">
      <Filter>Libs\imgui</Filter>
    </ClInclude>
    <ClInclude Include="Libs\imgui\imgui_impl_win32.h">
      <Filter>Libs\imgui</Filter>
    </ClInclude>
    <ClInclude Include="DeviceResources.h">
      <Filter>Source\Public\Device</Filter>
    </ClInclude>
    <ClInclude Include="HierarchyWindow.h">
      <Filter>Source\Public\EditorWindow</Filter>
    </ClInclude>
    <ClInclude Include="Libs\ImGuiFileDialog\ImGuiFileDialog.h">
      <Filter>Libs\ImGuiFileDialog</Filter>
    </ClInclude>
    <ClInclude Include="Libs\ImGuiFileDialog\ImGuiFileDialogConfig.h">
      <Filter>Libs\ImGuiFileDialog</Filter>
    </ClInclude>
    <ClInclude Include="Libs\ImGuiFileDialog\stb\stb_image.h">
      <Filter>Libs\ImGuiFileDialog</Filter>
    </ClInclude>
    <ClInclude Include="Libs\ImGuiFileDialog\stb\stb_image_resize.h">
      <Filter>Libs\ImGuiFileDialog</Filter>
    </ClInclude>
    <ClInclude Include="Libs\ImGuiFileDialog\dirent\dirent.h">
      <Filter>Libs\ImGuiFileDialog</Filter>
    </ClInclude>
    <ClInclude Include="ResourceWindow.h">
      <Filter>Source\Public\EditorWindow</Filter>
    </ClInclude>
  </ItemGroup>
  <ItemGroup>
    <ClCompile Include="Source\Editor.cpp">
      <Filter>Source\Private</Filter>
    </ClCompile>
    <ClCompile Include="Source\pch.cpp">
      <Filter>Source\Private</Filter>
    </ClCompile>
    <ClCompile Include="EditorWindow.cpp">
      <Filter>Source\Private\EditorWindow</Filter>
    </ClCompile>
    <ClCompile Include="SceneWindow.cpp">
      <Filter>Source\Private\EditorWindow</Filter>
    </ClCompile>
    <ClCompile Include="Source\Main.cpp" />
    <ClCompile Include="InspectorWindow.cpp">
      <Filter>Source\Private\EditorWindow</Filter>
    </ClCompile>
    <ClCompile Include="Libs\imgui\imgui_impl_dx11.cpp">
      <Filter>Libs\imgui</Filter>
    </ClCompile>
    <ClCompile Include="Libs\imgui\imgui_impl_win32.cpp">
      <Filter>Libs\imgui</Filter>
    </ClCompile>
    <ClCompile Include="DeviceResources.cpp">
      <Filter>Source\Private\Device</Filter>
    </ClCompile>
    <ClCompile Include="HierarchyWindow.cpp">
      <Filter>Source\Private\EditorWindow</Filter>
    </ClCompile>
    <ClCompile Include="Libs\ImGuiFileDialog\ImGuiFileDialog.cpp">
      <Filter>Libs\ImGuiFileDialog</Filter>
    </ClCompile>
    <ClCompile Include="ResourceWindow.cpp">
      <Filter>Source\Private\EditorWindow</Filter>
    </ClCompile>
  </ItemGroup>
  <ItemGroup>
    <ResourceCompile Include="resource.rc" />
  </ItemGroup>
  <ItemGroup>
    <Image Include="directx.ico">
      <Filter>Assets</Filter>
    </Image>
    <Image Include="assets\head_diff.dds">
      <Filter>Assets</Filter>
    </Image>
    <Image Include="assets\head_norm.dds">
      <Filter>Assets</Filter>
    </Image>
    <Image Include="assets\jacket_diff.dds">
      <Filter>Assets</Filter>
    </Image>
    <Image Include="assets\jacket_norm.dds">
      <Filter>Assets</Filter>
    </Image>
    <Image Include="assets\pants_diff.dds">
      <Filter>Assets</Filter>
    </Image>
    <Image Include="assets\pants_norm.dds">
      <Filter>Assets</Filter>
    </Image>
    <Image Include="assets\upbody_norm.dds">
      <Filter>Assets</Filter>
    </Image>
    <Image Include="assets\upBody_diff.dds">
      <Filter>Assets</Filter>
    </Image>
    <Image Include="assets\SunSubMixer_specularIBL.dds">
      <Filter>Assets</Filter>
    </Image>
  </ItemGroup>
  <ItemGroup>
    <Manifest Include="settings.manifest">
      <Filter>Assets</Filter>
    </Manifest>
  </ItemGroup>
  <ItemGroup>
    <None Include="packages.config" />
    <None Include="assets\soldier.sdkmesh_anim">
      <Filter>Assets</Filter>
    </None>
    <None Include="assets\soldier.sdkmesh">
      <Filter>Assets</Filter>
    </None>
  </ItemGroup>
</Project>